
Microsoft Visual Studio Solution File, Format Version 12.00
# Visual Studio Version 16
VisualStudioVersion = 16.0.30011.22
MinimumVisualStudioVersion = 15.0.26124.0
Project("{2150E333-8FDC-42A3-9474-1A3956D46DE8}") = "Microservices", "Microservices", "{5140731B-35EC-4C97-B6BE-34BFB6290582}"
EndProject
Project("{2150E333-8FDC-42A3-9474-1A3956D46DE8}") = "Domain", "Domain", "{A9F324C2-7C64-4825-83FC-6F6754370ABB}"
EndProject
Project("{2150E333-8FDC-42A3-9474-1A3956D46DE8}") = "Infra.Bus", "Infra.Bus", "{862DC3A3-D30E-413A-947E-F0870EE3FB11}"
EndProject
Project("{2150E333-8FDC-42A3-9474-1A3956D46DE8}") = "Infra.IoC", "Infra.IoC", "{EB842E50-9B44-4A90-99D4-81C289DD004B}"
EndProject
Project("{2150E333-8FDC-42A3-9474-1A3956D46DE8}") = "Presentation", "Presentation", "{E47B807C-083B-42D3-9557-BC117265ADE6}"
EndProject
Project("{9A19103F-16F7-4668-BE54-9A1E7A4F7556}") = "MicroRabbit.Domain.Core", "MicroRabbit.Domain.Core\MicroRabbit.Domain.Core.csproj", "{5B063D20-9C63-40B0-87F7-EDF70C5941D1}"
EndProject
Project("{9A19103F-16F7-4668-BE54-9A1E7A4F7556}") = "MicroRabbit.Infra.Bus", "MicroRabbit.Infra.Bus\MicroRabbit.Infra.Bus.csproj", "{5C36CF64-0A7C-4BEB-B717-6F634AE53961}"
EndProject
Project("{9A19103F-16F7-4668-BE54-9A1E7A4F7556}") = "MicroRabbit.Infra.IoC", "MicroRabbit.Infra.IoC\MicroRabbit.Infra.IoC.csproj", "{0AB3E978-75A1-4C6C-B04B-557FA9AFF4BC}"
EndProject
Project("{2150E333-8FDC-42A3-9474-1A3956D46DE8}") = "Banking", "Banking", "{947B4E13-C4D0-4A7C-BE94-E478581B4F44}"
EndProject
Project("{2150E333-8FDC-42A3-9474-1A3956D46DE8}") = "Api", "Api", "{482323B6-94D5-4B55-9CFB-F32D50F5C84E}"
EndProject
Project("{2150E333-8FDC-42A3-9474-1A3956D46DE8}") = "Domain", "Domain", "{A9EB8677-BCC8-4491-A36B-95351CC5FEC6}"
EndProject
Project("{2150E333-8FDC-42A3-9474-1A3956D46DE8}") = "Application", "Application", "{4B00C588-2C55-408C-8E62-6DB6AE987739}"
EndProject
Project("{2150E333-8FDC-42A3-9474-1A3956D46DE8}") = "Data", "Data", "{6C4C0691-4FEF-4A5D-9093-877AA6B0D9DA}"
EndProject
Project("{9A19103F-16F7-4668-BE54-9A1E7A4F7556}") = "MicroRabbit.Banking.Api", "MicroRabbit.Banking.Api\MicroRabbit.Banking.Api.csproj", "{AAEB9CF4-EEC5-48AA-8498-32AF562DB5E7}"
EndProject
Project("{9A19103F-16F7-4668-BE54-9A1E7A4F7556}") = "MircoRabbit.Banking.Application", "MircoRabbit.Banking.Application\MircoRabbit.Banking.Application.csproj", "{2E8C0AC7-EC22-4452-885C-8B2EF1D325B9}"
EndProject
Project("{FAE04EC0-301F-11D3-BF4B-00C04F79EFBC}") = "MicroRabbit.Banking.Data", "MicroRabbit.Banking.Data\MicroRabbit.Banking.Data.csproj", "{8C24FF7F-8689-44A9-934D-86D1896BFB5E}"
EndProject
Project("{FAE04EC0-301F-11D3-BF4B-00C04F79EFBC}") = "MicroRabbit.Banking.Domain", "MicroRabbit.Banking.Domain\MicroRabbit.Banking.Domain.csproj", "{9C03C319-A32E-43ED-83C6-372AC8E7E1FB}"
EndProject
Global
	GlobalSection(SolutionConfigurationPlatforms) = preSolution
		Debug|Any CPU = Debug|Any CPU
		Debug|x64 = Debug|x64
		Debug|x86 = Debug|x86
		Release|Any CPU = Release|Any CPU
		Release|x64 = Release|x64
		Release|x86 = Release|x86
	EndGlobalSection
	GlobalSection(ProjectConfigurationPlatforms) = postSolution
		{5B063D20-9C63-40B0-87F7-EDF70C5941D1}.Debug|Any CPU.ActiveCfg = Debug|Any CPU
		{5B063D20-9C63-40B0-87F7-EDF70C5941D1}.Debug|Any CPU.Build.0 = Debug|Any CPU
		{5B063D20-9C63-40B0-87F7-EDF70C5941D1}.Debug|x64.ActiveCfg = Debug|Any CPU
		{5B063D20-9C63-40B0-87F7-EDF70C5941D1}.Debug|x64.Build.0 = Debug|Any CPU
		{5B063D20-9C63-40B0-87F7-EDF70C5941D1}.Debug|x86.ActiveCfg = Debug|Any CPU
		{5B063D20-9C63-40B0-87F7-EDF70C5941D1}.Debug|x86.Build.0 = Debug|Any CPU
		{5B063D20-9C63-40B0-87F7-EDF70C5941D1}.Release|Any CPU.ActiveCfg = Release|Any CPU
		{5B063D20-9C63-40B0-87F7-EDF70C5941D1}.Release|Any CPU.Build.0 = Release|Any CPU
		{5B063D20-9C63-40B0-87F7-EDF70C5941D1}.Release|x64.ActiveCfg = Release|Any CPU
		{5B063D20-9C63-40B0-87F7-EDF70C5941D1}.Release|x64.Build.0 = Release|Any CPU
		{5B063D20-9C63-40B0-87F7-EDF70C5941D1}.Release|x86.ActiveCfg = Release|Any CPU
		{5B063D20-9C63-40B0-87F7-EDF70C5941D1}.Release|x86.Build.0 = Release|Any CPU
		{5C36CF64-0A7C-4BEB-B717-6F634AE53961}.Debug|Any CPU.ActiveCfg = Debug|Any CPU
		{5C36CF64-0A7C-4BEB-B717-6F634AE53961}.Debug|Any CPU.Build.0 = Debug|Any CPU
		{5C36CF64-0A7C-4BEB-B717-6F634AE53961}.Debug|x64.ActiveCfg = Debug|Any CPU
		{5C36CF64-0A7C-4BEB-B717-6F634AE53961}.Debug|x64.Build.0 = Debug|Any CPU
		{5C36CF64-0A7C-4BEB-B717-6F634AE53961}.Debug|x86.ActiveCfg = Debug|Any CPU
		{5C36CF64-0A7C-4BEB-B717-6F634AE53961}.Debug|x86.Build.0 = Debug|Any CPU
		{5C36CF64-0A7C-4BEB-B717-6F634AE53961}.Release|Any CPU.ActiveCfg = Release|Any CPU
		{5C36CF64-0A7C-4BEB-B717-6F634AE53961}.Release|Any CPU.Build.0 = Release|Any CPU
		{5C36CF64-0A7C-4BEB-B717-6F634AE53961}.Release|x64.ActiveCfg = Release|Any CPU
		{5C36CF64-0A7C-4BEB-B717-6F634AE53961}.Release|x64.Build.0 = Release|Any CPU
		{5C36CF64-0A7C-4BEB-B717-6F634AE53961}.Release|x86.ActiveCfg = Release|Any CPU
		{5C36CF64-0A7C-4BEB-B717-6F634AE53961}.Release|x86.Build.0 = Release|Any CPU
		{0AB3E978-75A1-4C6C-B04B-557FA9AFF4BC}.Debug|Any CPU.ActiveCfg = Debug|Any CPU
		{0AB3E978-75A1-4C6C-B04B-557FA9AFF4BC}.Debug|Any CPU.Build.0 = Debug|Any CPU
		{0AB3E978-75A1-4C6C-B04B-557FA9AFF4BC}.Debug|x64.ActiveCfg = Debug|Any CPU
		{0AB3E978-75A1-4C6C-B04B-557FA9AFF4BC}.Debug|x64.Build.0 = Debug|Any CPU
		{0AB3E978-75A1-4C6C-B04B-557FA9AFF4BC}.Debug|x86.ActiveCfg = Debug|Any CPU
		{0AB3E978-75A1-4C6C-B04B-557FA9AFF4BC}.Debug|x86.Build.0 = Debug|Any CPU
		{0AB3E978-75A1-4C6C-B04B-557FA9AFF4BC}.Release|Any CPU.ActiveCfg = Release|Any CPU
		{0AB3E978-75A1-4C6C-B04B-557FA9AFF4BC}.Release|Any CPU.Build.0 = Release|Any CPU
		{0AB3E978-75A1-4C6C-B04B-557FA9AFF4BC}.Release|x64.ActiveCfg = Release|Any CPU
		{0AB3E978-75A1-4C6C-B04B-557FA9AFF4BC}.Release|x64.Build.0 = Release|Any CPU
		{0AB3E978-75A1-4C6C-B04B-557FA9AFF4BC}.Release|x86.ActiveCfg = Release|Any CPU
		{0AB3E978-75A1-4C6C-B04B-557FA9AFF4BC}.Release|x86.Build.0 = Release|Any CPU
		{AAEB9CF4-EEC5-48AA-8498-32AF562DB5E7}.Debug|Any CPU.ActiveCfg = Debug|Any CPU
		{AAEB9CF4-EEC5-48AA-8498-32AF562DB5E7}.Debug|Any CPU.Build.0 = Debug|Any CPU
		{AAEB9CF4-EEC5-48AA-8498-32AF562DB5E7}.Debug|x64.ActiveCfg = Debug|Any CPU
		{AAEB9CF4-EEC5-48AA-8498-32AF562DB5E7}.Debug|x64.Build.0 = Debug|Any CPU
		{AAEB9CF4-EEC5-48AA-8498-32AF562DB5E7}.Debug|x86.ActiveCfg = Debug|Any CPU
		{AAEB9CF4-EEC5-48AA-8498-32AF562DB5E7}.Debug|x86.Build.0 = Debug|Any CPU
		{AAEB9CF4-EEC5-48AA-8498-32AF562DB5E7}.Release|Any CPU.ActiveCfg = Release|Any CPU
		{AAEB9CF4-EEC5-48AA-8498-32AF562DB5E7}.Release|Any CPU.Build.0 = Release|Any CPU
		{AAEB9CF4-EEC5-48AA-8498-32AF562DB5E7}.Release|x64.ActiveCfg = Release|Any CPU
		{AAEB9CF4-EEC5-48AA-8498-32AF562DB5E7}.Release|x64.Build.0 = Release|Any CPU
		{AAEB9CF4-EEC5-48AA-8498-32AF562DB5E7}.Release|x86.ActiveCfg = Release|Any CPU
		{AAEB9CF4-EEC5-48AA-8498-32AF562DB5E7}.Release|x86.Build.0 = Release|Any CPU
		{2E8C0AC7-EC22-4452-885C-8B2EF1D325B9}.Debug|Any CPU.ActiveCfg = Debug|Any CPU
		{2E8C0AC7-EC22-4452-885C-8B2EF1D325B9}.Debug|Any CPU.Build.0 = Debug|Any CPU
		{2E8C0AC7-EC22-4452-885C-8B2EF1D325B9}.Debug|x64.ActiveCfg = Debug|Any CPU
		{2E8C0AC7-EC22-4452-885C-8B2EF1D325B9}.Debug|x64.Build.0 = Debug|Any CPU
		{2E8C0AC7-EC22-4452-885C-8B2EF1D325B9}.Debug|x86.ActiveCfg = Debug|Any CPU
		{2E8C0AC7-EC22-4452-885C-8B2EF1D325B9}.Debug|x86.Build.0 = Debug|Any CPU
		{2E8C0AC7-EC22-4452-885C-8B2EF1D325B9}.Release|Any CPU.ActiveCfg = Release|Any CPU
		{2E8C0AC7-EC22-4452-885C-8B2EF1D325B9}.Release|Any CPU.Build.0 = Release|Any CPU
		{2E8C0AC7-EC22-4452-885C-8B2EF1D325B9}.Release|x64.ActiveCfg = Release|Any CPU
		{2E8C0AC7-EC22-4452-885C-8B2EF1D325B9}.Release|x64.Build.0 = Release|Any CPU
		{2E8C0AC7-EC22-4452-885C-8B2EF1D325B9}.Release|x86.ActiveCfg = Release|Any CPU
		{2E8C0AC7-EC22-4452-885C-8B2EF1D325B9}.Release|x86.Build.0 = Release|Any CPU
		{8C24FF7F-8689-44A9-934D-86D1896BFB5E}.Debug|Any CPU.ActiveCfg = Debug|Any CPU
		{8C24FF7F-8689-44A9-934D-86D1896BFB5E}.Debug|Any CPU.Build.0 = Debug|Any CPU
		{8C24FF7F-8689-44A9-934D-86D1896BFB5E}.Debug|x64.ActiveCfg = Debug|Any CPU
		{8C24FF7F-8689-44A9-934D-86D1896BFB5E}.Debug|x64.Build.0 = Debug|Any CPU
		{8C24FF7F-8689-44A9-934D-86D1896BFB5E}.Debug|x86.ActiveCfg = Debug|Any CPU
		{8C24FF7F-8689-44A9-934D-86D1896BFB5E}.Debug|x86.Build.0 = Debug|Any CPU
		{8C24FF7F-8689-44A9-934D-86D1896BFB5E}.Release|Any CPU.ActiveCfg = Release|Any CPU
		{8C24FF7F-8689-44A9-934D-86D1896BFB5E}.Release|Any CPU.Build.0 = Release|Any CPU
		{8C24FF7F-8689-44A9-934D-86D1896BFB5E}.Release|x64.ActiveCfg = Release|Any CPU
		{8C24FF7F-8689-44A9-934D-86D1896BFB5E}.Release|x64.Build.0 = Release|Any CPU
		{8C24FF7F-8689-44A9-934D-86D1896BFB5E}.Release|x86.ActiveCfg = Release|Any CPU
		{8C24FF7F-8689-44A9-934D-86D1896BFB5E}.Release|x86.Build.0 = Release|Any CPU
		{9C03C319-A32E-43ED-83C6-372AC8E7E1FB}.Debug|Any CPU.ActiveCfg = Debug|Any CPU
		{9C03C319-A32E-43ED-83C6-372AC8E7E1FB}.Debug|Any CPU.Build.0 = Debug|Any CPU
		{9C03C319-A32E-43ED-83C6-372AC8E7E1FB}.Debug|x64.ActiveCfg = Debug|Any CPU
		{9C03C319-A32E-43ED-83C6-372AC8E7E1FB}.Debug|x64.Build.0 = Debug|Any CPU
		{9C03C319-A32E-43ED-83C6-372AC8E7E1FB}.Debug|x86.ActiveCfg = Debug|Any CPU
		{9C03C319-A32E-43ED-83C6-372AC8E7E1FB}.Debug|x86.Build.0 = Debug|Any CPU
		{9C03C319-A32E-43ED-83C6-372AC8E7E1FB}.Release|Any CPU.ActiveCfg = Release|Any CPU
		{9C03C319-A32E-43ED-83C6-372AC8E7E1FB}.Release|Any CPU.Build.0 = Release|Any CPU
		{9C03C319-A32E-43ED-83C6-372AC8E7E1FB}.Release|x64.ActiveCfg = Release|Any CPU
		{9C03C319-A32E-43ED-83C6-372AC8E7E1FB}.Release|x64.Build.0 = Release|Any CPU
		{9C03C319-A32E-43ED-83C6-372AC8E7E1FB}.Release|x86.ActiveCfg = Release|Any CPU
		{9C03C319-A32E-43ED-83C6-372AC8E7E1FB}.Release|x86.Build.0 = Release|Any CPU
	EndGlobalSection
	GlobalSection(SolutionProperties) = preSolution
		HideSolutionNode = FALSE
	EndGlobalSection
	GlobalSection(NestedProjects) = preSolution
		{5B063D20-9C63-40B0-87F7-EDF70C5941D1} = {A9F324C2-7C64-4825-83FC-6F6754370ABB}
		{5C36CF64-0A7C-4BEB-B717-6F634AE53961} = {862DC3A3-D30E-413A-947E-F0870EE3FB11}
		{0AB3E978-75A1-4C6C-B04B-557FA9AFF4BC} = {EB842E50-9B44-4A90-99D4-81C289DD004B}
		{947B4E13-C4D0-4A7C-BE94-E478581B4F44} = {5140731B-35EC-4C97-B6BE-34BFB6290582}
		{482323B6-94D5-4B55-9CFB-F32D50F5C84E} = {947B4E13-C4D0-4A7C-BE94-E478581B4F44}
		{A9EB8677-BCC8-4491-A36B-95351CC5FEC6} = {947B4E13-C4D0-4A7C-BE94-E478581B4F44}
		{4B00C588-2C55-408C-8E62-6DB6AE987739} = {947B4E13-C4D0-4A7C-BE94-E478581B4F44}
		{6C4C0691-4FEF-4A5D-9093-877AA6B0D9DA} = {947B4E13-C4D0-4A7C-BE94-E478581B4F44}
		{AAEB9CF4-EEC5-48AA-8498-32AF562DB5E7} = {482323B6-94D5-4B55-9CFB-F32D50F5C84E}
		{2E8C0AC7-EC22-4452-885C-8B2EF1D325B9} = {4B00C588-2C55-408C-8E62-6DB6AE987739}
		{8C24FF7F-8689-44A9-934D-86D1896BFB5E} = {6C4C0691-4FEF-4A5D-9093-877AA6B0D9DA}
		{9C03C319-A32E-43ED-83C6-372AC8E7E1FB} = {A9EB8677-BCC8-4491-A36B-95351CC5FEC6}
	EndGlobalSection
	GlobalSection(ExtensibilityGlobals) = postSolution
		SolutionGuid = {D7F21400-5707-4499-89FA-5A093CAD61B6}
	EndGlobalSection
EndGlobal
