
Microsoft Visual Studio Solution File, Format Version 12.00
# Visual Studio Version 16
VisualStudioVersion = 16.0.30011.22
MinimumVisualStudioVersion = 15.0.26124.0
Project("{2150E333-8FDC-42A3-9474-1A3956D46DE8}") = "Microservices", "Microservices", "{5140731B-35EC-4C97-B6BE-34BFB6290582}"
EndProject
Project("{2150E333-8FDC-42A3-9474-1A3956D46DE8}") = "Domain", "Domain", "{A9F324C2-7C64-4825-83FC-6F6754370ABB}"
EndProject
Project("{2150E333-8FDC-42A3-9474-1A3956D46DE8}") = "Infra.Bus", "Infra.Bus", "{862DC3A3-D30E-413A-947E-F0870EE3FB11}"
EndProject
Project("{2150E333-8FDC-42A3-9474-1A3956D46DE8}") = "Infra.IoC", "Infra.IoC", "{EB842E50-9B44-4A90-99D4-81C289DD004B}"
EndProject
Project("{2150E333-8FDC-42A3-9474-1A3956D46DE8}") = "Presentation", "Presentation", "{E47B807C-083B-42D3-9557-BC117265ADE6}"
EndProject
Project("{9A19103F-16F7-4668-BE54-9A1E7A4F7556}") = "MicroRabbit.Domain.Core", "MicroRabbit.Domain.Core\MicroRabbit.Domain.Core.csproj", "{5B063D20-9C63-40B0-87F7-EDF70C5941D1}"
EndProject
Project("{FAE04EC0-301F-11D3-BF4B-00C04F79EFBC}") = "MicroRabbit.Infra.Bus", "MicroRabbit.Infra.Bus\MicroRabbit.Infra.Bus.csproj", "{5C36CF64-0A7C-4BEB-B717-6F634AE53961}"
EndProject
Global
	GlobalSection(SolutionConfigurationPlatforms) = preSolution
		Debug|Any CPU = Debug|Any CPU
		Debug|x64 = Debug|x64
		Debug|x86 = Debug|x86
		Release|Any CPU = Release|Any CPU
		Release|x64 = Release|x64
		Release|x86 = Release|x86
	EndGlobalSection
	GlobalSection(ProjectConfigurationPlatforms) = postSolution
		{5B063D20-9C63-40B0-87F7-EDF70C5941D1}.Debug|Any CPU.ActiveCfg = Debug|Any CPU
		{5B063D20-9C63-40B0-87F7-EDF70C5941D1}.Debug|Any CPU.Build.0 = Debug|Any CPU
		{5B063D20-9C63-40B0-87F7-EDF70C5941D1}.Debug|x64.ActiveCfg = Debug|Any CPU
		{5B063D20-9C63-40B0-87F7-EDF70C5941D1}.Debug|x64.Build.0 = Debug|Any CPU
		{5B063D20-9C63-40B0-87F7-EDF70C5941D1}.Debug|x86.ActiveCfg = Debug|Any CPU
		{5B063D20-9C63-40B0-87F7-EDF70C5941D1}.Debug|x86.Build.0 = Debug|Any CPU
		{5B063D20-9C63-40B0-87F7-EDF70C5941D1}.Release|Any CPU.ActiveCfg = Release|Any CPU
		{5B063D20-9C63-40B0-87F7-EDF70C5941D1}.Release|Any CPU.Build.0 = Release|Any CPU
		{5B063D20-9C63-40B0-87F7-EDF70C5941D1}.Release|x64.ActiveCfg = Release|Any CPU
		{5B063D20-9C63-40B0-87F7-EDF70C5941D1}.Release|x64.Build.0 = Release|Any CPU
		{5B063D20-9C63-40B0-87F7-EDF70C5941D1}.Release|x86.ActiveCfg = Release|Any CPU
		{5B063D20-9C63-40B0-87F7-EDF70C5941D1}.Release|x86.Build.0 = Release|Any CPU
		{5C36CF64-0A7C-4BEB-B717-6F634AE53961}.Debug|Any CPU.ActiveCfg = Debug|Any CPU
		{5C36CF64-0A7C-4BEB-B717-6F634AE53961}.Debug|Any CPU.Build.0 = Debug|Any CPU
		{5C36CF64-0A7C-4BEB-B717-6F634AE53961}.Debug|x64.ActiveCfg = Debug|Any CPU
		{5C36CF64-0A7C-4BEB-B717-6F634AE53961}.Debug|x64.Build.0 = Debug|Any CPU
		{5C36CF64-0A7C-4BEB-B717-6F634AE53961}.Debug|x86.ActiveCfg = Debug|Any CPU
		{5C36CF64-0A7C-4BEB-B717-6F634AE53961}.Debug|x86.Build.0 = Debug|Any CPU
		{5C36CF64-0A7C-4BEB-B717-6F634AE53961}.Release|Any CPU.ActiveCfg = Release|Any CPU
		{5C36CF64-0A7C-4BEB-B717-6F634AE53961}.Release|Any CPU.Build.0 = Release|Any CPU
		{5C36CF64-0A7C-4BEB-B717-6F634AE53961}.Release|x64.ActiveCfg = Release|Any CPU
		{5C36CF64-0A7C-4BEB-B717-6F634AE53961}.Release|x64.Build.0 = Release|Any CPU
		{5C36CF64-0A7C-4BEB-B717-6F634AE53961}.Release|x86.ActiveCfg = Release|Any CPU
		{5C36CF64-0A7C-4BEB-B717-6F634AE53961}.Release|x86.Build.0 = Release|Any CPU
	EndGlobalSection
	GlobalSection(SolutionProperties) = preSolution
		HideSolutionNode = FALSE
	EndGlobalSection
	GlobalSection(NestedProjects) = preSolution
		{5B063D20-9C63-40B0-87F7-EDF70C5941D1} = {A9F324C2-7C64-4825-83FC-6F6754370ABB}
		{5C36CF64-0A7C-4BEB-B717-6F634AE53961} = {862DC3A3-D30E-413A-947E-F0870EE3FB11}
	EndGlobalSection
	GlobalSection(ExtensibilityGlobals) = postSolution
		SolutionGuid = {D7F21400-5707-4499-89FA-5A093CAD61B6}
	EndGlobalSection
EndGlobal
